// !$*UTF8*$!
{
	archiveVersion = 1;
	classes = {
	};
	objectVersion = 50;
	objects = {

/* Begin PBXBuildFile section */
		3CCFA1967C44ACF19C0CBDC7 /* Pods_MinesweeperUITests.framework in Frameworks */ = {isa = PBXBuildFile; fileRef = BFEE4737CA03E74E9B22681B /* Pods_MinesweeperUITests.framework */; };
		3F7F57FA0C7CE4F7ADA6513E /* Pods_Minesweeper.framework in Frameworks */ = {isa = PBXBuildFile; fileRef = 34327CA8453838CB2AE53F33 /* Pods_Minesweeper.framework */; };
		43004FC02282FC4A004DA48B /* GameEndViewController.swift in Sources */ = {isa = PBXBuildFile; fileRef = 43004FBF2282FC4A004DA48B /* GameEndViewController.swift */; };
		43004FC222830B71004DA48B /* ScoresViewController.swift in Sources */ = {isa = PBXBuildFile; fileRef = 43004FC122830B71004DA48B /* ScoresViewController.swift */; };
		43004FC4228311D0004DA48B /* Record.swift in Sources */ = {isa = PBXBuildFile; fileRef = 43004FC3228311D0004DA48B /* Record.swift */; };
		4313DFC9225D2EDF00137A91 /* DifficultyViewController.swift in Sources */ = {isa = PBXBuildFile; fileRef = 4313DFC8225D2EDF00137A91 /* DifficultyViewController.swift */; };
		433668942282E7670096838C /* CustomCell.swift in Sources */ = {isa = PBXBuildFile; fileRef = 433668922282E7670096838C /* CustomCell.swift */; };
		433668952282E7670096838C /* GameViewController.swift in Sources */ = {isa = PBXBuildFile; fileRef = 433668932282E7670096838C /* GameViewController.swift */; };
		43A14304225D162E00CF8E58 /* DetailsViewController.swift in Sources */ = {isa = PBXBuildFile; fileRef = 43A14303225D162E00CF8E58 /* DetailsViewController.swift */; };
		43DEFC7222494BC500489634 /* AppDelegate.swift in Sources */ = {isa = PBXBuildFile; fileRef = 43DEFC7122494BC500489634 /* AppDelegate.swift */; };
		43DEFC7722494BC500489634 /* Main.storyboard in Resources */ = {isa = PBXBuildFile; fileRef = 43DEFC7522494BC500489634 /* Main.storyboard */; };
		43DEFC7922494BCB00489634 /* Assets.xcassets in Resources */ = {isa = PBXBuildFile; fileRef = 43DEFC7822494BCB00489634 /* Assets.xcassets */; };
		43DEFC7C22494BCB00489634 /* LaunchScreen.storyboard in Resources */ = {isa = PBXBuildFile; fileRef = 43DEFC7A22494BCB00489634 /* LaunchScreen.storyboard */; };
		43DEFC8722494BCB00489634 /* MinesweeperTests.swift in Sources */ = {isa = PBXBuildFile; fileRef = 43DEFC8622494BCB00489634 /* MinesweeperTests.swift */; };
		43DEFC9222494BCB00489634 /* MinesweeperUITests.swift in Sources */ = {isa = PBXBuildFile; fileRef = 43DEFC9122494BCB00489634 /* MinesweeperUITests.swift */; };
		43E4F0552252666E00E5BA8E /* GameDifficulty.swift in Sources */ = {isa = PBXBuildFile; fileRef = 43E4F0542252666E00E5BA8E /* GameDifficulty.swift */; };
		43F9474C2289E91F0044F250 /* GoogleService-Info.plist in Resources */ = {isa = PBXBuildFile; fileRef = 43F9474B2289E91E0044F250 /* GoogleService-Info.plist */; };
		43F947532289F3FA0044F250 /* Constants.swift in Sources */ = {isa = PBXBuildFile; fileRef = 43F947512289F3FA0044F250 /* Constants.swift */; };
		43F947542289F3FA0044F250 /* UIView+Extension.swift in Sources */ = {isa = PBXBuildFile; fileRef = 43F947522289F3FA0044F250 /* UIView+Extension.swift */; };
		CCC1411FA54F248EA37C7541 /* Pods_MinesweeperTests.framework in Frameworks */ = {isa = PBXBuildFile; fileRef = B81BA7C751B8EC41343608DE /* Pods_MinesweeperTests.framework */; };
/* End PBXBuildFile section */

/* Begin PBXContainerItemProxy section */
		43DEFC8322494BCB00489634 /* PBXContainerItemProxy */ = {
			isa = PBXContainerItemProxy;
			containerPortal = 43DEFC6622494BC500489634 /* Project object */;
			proxyType = 1;
			remoteGlobalIDString = 43DEFC6D22494BC500489634;
			remoteInfo = Minesweeper;
		};
		43DEFC8E22494BCB00489634 /* PBXContainerItemProxy */ = {
			isa = PBXContainerItemProxy;
			containerPortal = 43DEFC6622494BC500489634 /* Project object */;
			proxyType = 1;
			remoteGlobalIDString = 43DEFC6D22494BC500489634;
			remoteInfo = Minesweeper;
		};
/* End PBXContainerItemProxy section */

/* Begin PBXFileReference section */
		0162D6C4C62EE021EABED300 /* Pods-MinesweeperUITests.release.xcconfig */ = {isa = PBXFileReference; includeInIndex = 1; lastKnownFileType = text.xcconfig; name = "Pods-MinesweeperUITests.release.xcconfig"; path = "Pods/Target Support Files/Pods-MinesweeperUITests/Pods-MinesweeperUITests.release.xcconfig"; sourceTree = "<group>"; };
		03CCA1FB42FF84D54994E3AC /* Pods-Minesweeper.release.xcconfig */ = {isa = PBXFileReference; includeInIndex = 1; lastKnownFileType = text.xcconfig; name = "Pods-Minesweeper.release.xcconfig"; path = "Pods/Target Support Files/Pods-Minesweeper/Pods-Minesweeper.release.xcconfig"; sourceTree = "<group>"; };
		34327CA8453838CB2AE53F33 /* Pods_Minesweeper.framework */ = {isa = PBXFileReference; explicitFileType = wrapper.framework; includeInIndex = 0; path = Pods_Minesweeper.framework; sourceTree = BUILT_PRODUCTS_DIR; };
		43004FBF2282FC4A004DA48B /* GameEndViewController.swift */ = {isa = PBXFileReference; lastKnownFileType = sourcecode.swift; path = GameEndViewController.swift; sourceTree = "<group>"; };
		43004FC122830B71004DA48B /* ScoresViewController.swift */ = {isa = PBXFileReference; lastKnownFileType = sourcecode.swift; path = ScoresViewController.swift; sourceTree = "<group>"; };
		43004FC3228311D0004DA48B /* Record.swift */ = {isa = PBXFileReference; lastKnownFileType = sourcecode.swift; path = Record.swift; sourceTree = "<group>"; };
		4313DFC8225D2EDF00137A91 /* DifficultyViewController.swift */ = {isa = PBXFileReference; lastKnownFileType = sourcecode.swift; path = DifficultyViewController.swift; sourceTree = "<group>"; };
		433668922282E7670096838C /* CustomCell.swift */ = {isa = PBXFileReference; fileEncoding = 4; lastKnownFileType = sourcecode.swift; path = CustomCell.swift; sourceTree = "<group>"; };
		433668932282E7670096838C /* GameViewController.swift */ = {isa = PBXFileReference; fileEncoding = 4; lastKnownFileType = sourcecode.swift; path = GameViewController.swift; sourceTree = "<group>"; };
		43A14303225D162E00CF8E58 /* DetailsViewController.swift */ = {isa = PBXFileReference; lastKnownFileType = sourcecode.swift; path = DetailsViewController.swift; sourceTree = "<group>"; };
		43DEFC6E22494BC500489634 /* Minesweeper.app */ = {isa = PBXFileReference; explicitFileType = wrapper.application; includeInIndex = 0; path = Minesweeper.app; sourceTree = BUILT_PRODUCTS_DIR; };
		43DEFC7122494BC500489634 /* AppDelegate.swift */ = {isa = PBXFileReference; lastKnownFileType = sourcecode.swift; path = AppDelegate.swift; sourceTree = "<group>"; };
		43DEFC7622494BC500489634 /* Base */ = {isa = PBXFileReference; lastKnownFileType = file.storyboard; name = Base; path = Base.lproj/Main.storyboard; sourceTree = "<group>"; };
		43DEFC7822494BCB00489634 /* Assets.xcassets */ = {isa = PBXFileReference; lastKnownFileType = folder.assetcatalog; path = Assets.xcassets; sourceTree = "<group>"; };
		43DEFC7B22494BCB00489634 /* Base */ = {isa = PBXFileReference; lastKnownFileType = file.storyboard; name = Base; path = Base.lproj/LaunchScreen.storyboard; sourceTree = "<group>"; };
		43DEFC7D22494BCB00489634 /* Info.plist */ = {isa = PBXFileReference; lastKnownFileType = text.plist.xml; path = Info.plist; sourceTree = "<group>"; };
		43DEFC8222494BCB00489634 /* MinesweeperTests.xctest */ = {isa = PBXFileReference; explicitFileType = wrapper.cfbundle; includeInIndex = 0; path = MinesweeperTests.xctest; sourceTree = BUILT_PRODUCTS_DIR; };
		43DEFC8622494BCB00489634 /* MinesweeperTests.swift */ = {isa = PBXFileReference; lastKnownFileType = sourcecode.swift; path = MinesweeperTests.swift; sourceTree = "<group>"; };
		43DEFC8822494BCB00489634 /* Info.plist */ = {isa = PBXFileReference; lastKnownFileType = text.plist.xml; path = Info.plist; sourceTree = "<group>"; };
		43DEFC8D22494BCB00489634 /* MinesweeperUITests.xctest */ = {isa = PBXFileReference; explicitFileType = wrapper.cfbundle; includeInIndex = 0; path = MinesweeperUITests.xctest; sourceTree = BUILT_PRODUCTS_DIR; };
		43DEFC9122494BCB00489634 /* MinesweeperUITests.swift */ = {isa = PBXFileReference; lastKnownFileType = sourcecode.swift; path = MinesweeperUITests.swift; sourceTree = "<group>"; };
		43DEFC9322494BCB00489634 /* Info.plist */ = {isa = PBXFileReference; lastKnownFileType = text.plist.xml; path = Info.plist; sourceTree = "<group>"; };
		43E4F0542252666E00E5BA8E /* GameDifficulty.swift */ = {isa = PBXFileReference; lastKnownFileType = sourcecode.swift; path = GameDifficulty.swift; sourceTree = "<group>"; };
		43F9474B2289E91E0044F250 /* GoogleService-Info.plist */ = {isa = PBXFileReference; fileEncoding = 4; lastKnownFileType = text.plist.xml; name = "GoogleService-Info.plist"; path = "../GoogleService-Info.plist"; sourceTree = "<group>"; };
		43F947512289F3FA0044F250 /* Constants.swift */ = {isa = PBXFileReference; fileEncoding = 4; lastKnownFileType = sourcecode.swift; path = Constants.swift; sourceTree = "<group>"; };
		43F947522289F3FA0044F250 /* UIView+Extension.swift */ = {isa = PBXFileReference; fileEncoding = 4; lastKnownFileType = sourcecode.swift; path = "UIView+Extension.swift"; sourceTree = "<group>"; };
		5590486BEE7406E565AA3AA5 /* Pods-MinesweeperTests.debug.xcconfig */ = {isa = PBXFileReference; includeInIndex = 1; lastKnownFileType = text.xcconfig; name = "Pods-MinesweeperTests.debug.xcconfig"; path = "Pods/Target Support Files/Pods-MinesweeperTests/Pods-MinesweeperTests.debug.xcconfig"; sourceTree = "<group>"; };
		8717CB5BF9D14BD3C458CD5A /* Pods-Minesweeper.debug.xcconfig */ = {isa = PBXFileReference; includeInIndex = 1; lastKnownFileType = text.xcconfig; name = "Pods-Minesweeper.debug.xcconfig"; path = "Pods/Target Support Files/Pods-Minesweeper/Pods-Minesweeper.debug.xcconfig"; sourceTree = "<group>"; };
		9C6C702465290114B1D8B455 /* Pods-MinesweeperTests.release.xcconfig */ = {isa = PBXFileReference; includeInIndex = 1; lastKnownFileType = text.xcconfig; name = "Pods-MinesweeperTests.release.xcconfig"; path = "Pods/Target Support Files/Pods-MinesweeperTests/Pods-MinesweeperTests.release.xcconfig"; sourceTree = "<group>"; };
		B81BA7C751B8EC41343608DE /* Pods_MinesweeperTests.framework */ = {isa = PBXFileReference; explicitFileType = wrapper.framework; includeInIndex = 0; path = Pods_MinesweeperTests.framework; sourceTree = BUILT_PRODUCTS_DIR; };
		BFEE4737CA03E74E9B22681B /* Pods_MinesweeperUITests.framework */ = {isa = PBXFileReference; explicitFileType = wrapper.framework; includeInIndex = 0; path = Pods_MinesweeperUITests.framework; sourceTree = BUILT_PRODUCTS_DIR; };
		E8FBDB583078C98A9D911494 /* Pods-MinesweeperUITests.debug.xcconfig */ = {isa = PBXFileReference; includeInIndex = 1; lastKnownFileType = text.xcconfig; name = "Pods-MinesweeperUITests.debug.xcconfig"; path = "Pods/Target Support Files/Pods-MinesweeperUITests/Pods-MinesweeperUITests.debug.xcconfig"; sourceTree = "<group>"; };
/* End PBXFileReference section */

/* Begin PBXFrameworksBuildPhase section */
		43DEFC6B22494BC500489634 /* Frameworks */ = {
			isa = PBXFrameworksBuildPhase;
			buildActionMask = 2147483647;
			files = (
				3F7F57FA0C7CE4F7ADA6513E /* Pods_Minesweeper.framework in Frameworks */,
			);
			runOnlyForDeploymentPostprocessing = 0;
		};
		43DEFC7F22494BCB00489634 /* Frameworks */ = {
			isa = PBXFrameworksBuildPhase;
			buildActionMask = 2147483647;
			files = (
				CCC1411FA54F248EA37C7541 /* Pods_MinesweeperTests.framework in Frameworks */,
			);
			runOnlyForDeploymentPostprocessing = 0;
		};
		43DEFC8A22494BCB00489634 /* Frameworks */ = {
			isa = PBXFrameworksBuildPhase;
			buildActionMask = 2147483647;
			files = (
				3CCFA1967C44ACF19C0CBDC7 /* Pods_MinesweeperUITests.framework in Frameworks */,
			);
			runOnlyForDeploymentPostprocessing = 0;
		};
/* End PBXFrameworksBuildPhase section */

/* Begin PBXGroup section */
		43DEFC6522494BC500489634 = {
			isa = PBXGroup;
			children = (
				43DEFC7022494BC500489634 /* Minesweeper */,
				43DEFC8522494BCB00489634 /* MinesweeperTests */,
				43DEFC9022494BCB00489634 /* MinesweeperUITests */,
				43DEFC6F22494BC500489634 /* Products */,
				B5F31E117E6CC0AD8BDBF977 /* Pods */,
				ADB596C6A4BDA16775DF6F5F /* Frameworks */,
			);
			sourceTree = "<group>";
		};
		43DEFC6F22494BC500489634 /* Products */ = {
			isa = PBXGroup;
			children = (
				43DEFC6E22494BC500489634 /* Minesweeper.app */,
				43DEFC8222494BCB00489634 /* MinesweeperTests.xctest */,
				43DEFC8D22494BCB00489634 /* MinesweeperUITests.xctest */,
			);
			name = Products;
			sourceTree = "<group>";
		};
		43DEFC7022494BC500489634 /* Minesweeper */ = {
			isa = PBXGroup;
			children = (
				43F947512289F3FA0044F250 /* Constants.swift */,
				43F947522289F3FA0044F250 /* UIView+Extension.swift */,
				43F9474B2289E91E0044F250 /* GoogleService-Info.plist */,
				43DEFC7D22494BCB00489634 /* Info.plist */,
				43DEFC7122494BC500489634 /* AppDelegate.swift */,
				433668922282E7670096838C /* CustomCell.swift */,
				43A14303225D162E00CF8E58 /* DetailsViewController.swift */,
				4313DFC8225D2EDF00137A91 /* DifficultyViewController.swift */,
				43E4F0542252666E00E5BA8E /* GameDifficulty.swift */,
				43004FBF2282FC4A004DA48B /* GameEndViewController.swift */,
				433668932282E7670096838C /* GameViewController.swift */,
				43004FC122830B71004DA48B /* ScoresViewController.swift */,
				43DEFC7822494BCB00489634 /* Assets.xcassets */,
				43DEFC7A22494BCB00489634 /* LaunchScreen.storyboard */,
				43DEFC7522494BC500489634 /* Main.storyboard */,
				43004FC3228311D0004DA48B /* Record.swift */,
			);
			path = Minesweeper;
			sourceTree = "<group>";
		};
		43DEFC8522494BCB00489634 /* MinesweeperTests */ = {
			isa = PBXGroup;
			children = (
				43DEFC8622494BCB00489634 /* MinesweeperTests.swift */,
				43DEFC8822494BCB00489634 /* Info.plist */,
			);
			path = MinesweeperTests;
			sourceTree = "<group>";
		};
		43DEFC9022494BCB00489634 /* MinesweeperUITests */ = {
			isa = PBXGroup;
			children = (
				43DEFC9122494BCB00489634 /* MinesweeperUITests.swift */,
				43DEFC9322494BCB00489634 /* Info.plist */,
			);
			path = MinesweeperUITests;
			sourceTree = "<group>";
		};
		ADB596C6A4BDA16775DF6F5F /* Frameworks */ = {
			isa = PBXGroup;
			children = (
				34327CA8453838CB2AE53F33 /* Pods_Minesweeper.framework */,
				B81BA7C751B8EC41343608DE /* Pods_MinesweeperTests.framework */,
				BFEE4737CA03E74E9B22681B /* Pods_MinesweeperUITests.framework */,
			);
			name = Frameworks;
			sourceTree = "<group>";
		};
		B5F31E117E6CC0AD8BDBF977 /* Pods */ = {
			isa = PBXGroup;
			children = (
				8717CB5BF9D14BD3C458CD5A /* Pods-Minesweeper.debug.xcconfig */,
				03CCA1FB42FF84D54994E3AC /* Pods-Minesweeper.release.xcconfig */,
				5590486BEE7406E565AA3AA5 /* Pods-MinesweeperTests.debug.xcconfig */,
				9C6C702465290114B1D8B455 /* Pods-MinesweeperTests.release.xcconfig */,
				E8FBDB583078C98A9D911494 /* Pods-MinesweeperUITests.debug.xcconfig */,
				0162D6C4C62EE021EABED300 /* Pods-MinesweeperUITests.release.xcconfig */,
			);
			name = Pods;
			sourceTree = "<group>";
		};
/* End PBXGroup section */

/* Begin PBXNativeTarget section */
		43DEFC6D22494BC500489634 /* Minesweeper */ = {
			isa = PBXNativeTarget;
			buildConfigurationList = 43DEFC9622494BCB00489634 /* Build configuration list for PBXNativeTarget "Minesweeper" */;
			buildPhases = (
				50CA8250245EC6DE866978F6 /* [CP] Check Pods Manifest.lock */,
				43DEFC6A22494BC500489634 /* Sources */,
				43DEFC6B22494BC500489634 /* Frameworks */,
				43DEFC6C22494BC500489634 /* Resources */,
				8760A2C8D00EDAE996002B2F /* [CP] Embed Pods Frameworks */,
			);
			buildRules = (
			);
			dependencies = (
			);
			name = Minesweeper;
			productName = Minesweeper;
			productReference = 43DEFC6E22494BC500489634 /* Minesweeper.app */;
			productType = "com.apple.product-type.application";
		};
		43DEFC8122494BCB00489634 /* MinesweeperTests */ = {
			isa = PBXNativeTarget;
			buildConfigurationList = 43DEFC9922494BCB00489634 /* Build configuration list for PBXNativeTarget "MinesweeperTests" */;
			buildPhases = (
				DB13816EB95E4013ECA73381 /* [CP] Check Pods Manifest.lock */,
				43DEFC7E22494BCB00489634 /* Sources */,
				43DEFC7F22494BCB00489634 /* Frameworks */,
				43DEFC8022494BCB00489634 /* Resources */,
			);
			buildRules = (
			);
			dependencies = (
				43DEFC8422494BCB00489634 /* PBXTargetDependency */,
			);
			name = MinesweeperTests;
			productName = MinesweeperTests;
			productReference = 43DEFC8222494BCB00489634 /* MinesweeperTests.xctest */;
			productType = "com.apple.product-type.bundle.unit-test";
		};
		43DEFC8C22494BCB00489634 /* MinesweeperUITests */ = {
			isa = PBXNativeTarget;
			buildConfigurationList = 43DEFC9C22494BCB00489634 /* Build configuration list for PBXNativeTarget "MinesweeperUITests" */;
			buildPhases = (
				AEDCE1DB958D6E6ABA2BC142 /* [CP] Check Pods Manifest.lock */,
				43DEFC8922494BCB00489634 /* Sources */,
				43DEFC8A22494BCB00489634 /* Frameworks */,
				43DEFC8B22494BCB00489634 /* Resources */,
			);
			buildRules = (
			);
			dependencies = (
				43DEFC8F22494BCB00489634 /* PBXTargetDependency */,
			);
			name = MinesweeperUITests;
			productName = MinesweeperUITests;
			productReference = 43DEFC8D22494BCB00489634 /* MinesweeperUITests.xctest */;
			productType = "com.apple.product-type.bundle.ui-testing";
		};
/* End PBXNativeTarget section */

/* Begin PBXProject section */
		43DEFC6622494BC500489634 /* Project object */ = {
			isa = PBXProject;
			attributes = {
				LastSwiftUpdateCheck = 1010;
				LastUpgradeCheck = 1010;
				ORGANIZATIONNAME = "sapir kalbin and eti okonsky";
				TargetAttributes = {
					43DEFC6D22494BC500489634 = {
						CreatedOnToolsVersion = 10.1;
						LastSwiftMigration = 1020;
					};
					43DEFC8122494BCB00489634 = {
						CreatedOnToolsVersion = 10.1;
						TestTargetID = 43DEFC6D22494BC500489634;
					};
					43DEFC8C22494BCB00489634 = {
						CreatedOnToolsVersion = 10.1;
						TestTargetID = 43DEFC6D22494BC500489634;
					};
				};
			};
			buildConfigurationList = 43DEFC6922494BC500489634 /* Build configuration list for PBXProject "Minesweeper" */;
			compatibilityVersion = "Xcode 9.3";
			developmentRegion = en;
			hasScannedForEncodings = 0;
			knownRegions = (
				en,
				Base,
			);
			mainGroup = 43DEFC6522494BC500489634;
			productRefGroup = 43DEFC6F22494BC500489634 /* Products */;
			projectDirPath = "";
			projectRoot = "";
			targets = (
				43DEFC6D22494BC500489634 /* Minesweeper */,
				43DEFC8122494BCB00489634 /* MinesweeperTests */,
				43DEFC8C22494BCB00489634 /* MinesweeperUITests */,
			);
		};
/* End PBXProject section */

/* Begin PBXResourcesBuildPhase section */
		43DEFC6C22494BC500489634 /* Resources */ = {
			isa = PBXResourcesBuildPhase;
			buildActionMask = 2147483647;
			files = (
				43DEFC7C22494BCB00489634 /* LaunchScreen.storyboard in Resources */,
				43F9474C2289E91F0044F250 /* GoogleService-Info.plist in Resources */,
				43DEFC7922494BCB00489634 /* Assets.xcassets in Resources */,
				43DEFC7722494BC500489634 /* Main.storyboard in Resources */,
			);
			runOnlyForDeploymentPostprocessing = 0;
		};
		43DEFC8022494BCB00489634 /* Resources */ = {
			isa = PBXResourcesBuildPhase;
			buildActionMask = 2147483647;
			files = (
			);
			runOnlyForDeploymentPostprocessing = 0;
		};
		43DEFC8B22494BCB00489634 /* Resources */ = {
			isa = PBXResourcesBuildPhase;
			buildActionMask = 2147483647;
			files = (
			);
			runOnlyForDeploymentPostprocessing = 0;
		};
/* End PBXResourcesBuildPhase section */

/* Begin PBXShellScriptBuildPhase section */
		50CA8250245EC6DE866978F6 /* [CP] Check Pods Manifest.lock */ = {
			isa = PBXShellScriptBuildPhase;
			buildActionMask = 2147483647;
			files = (
			);
			inputFileListPaths = (
			);
			inputPaths = (
				"${PODS_PODFILE_DIR_PATH}/Podfile.lock",
				"${PODS_ROOT}/Manifest.lock",
			);
			name = "[CP] Check Pods Manifest.lock";
			outputFileListPaths = (
			);
			outputPaths = (
				"$(DERIVED_FILE_DIR)/Pods-Minesweeper-checkManifestLockResult.txt",
			);
			runOnlyForDeploymentPostprocessing = 0;
			shellPath = /bin/sh;
			shellScript = "diff \"${PODS_PODFILE_DIR_PATH}/Podfile.lock\" \"${PODS_ROOT}/Manifest.lock\" > /dev/null\nif [ $? != 0 ] ; then\n    # print error to STDERR\n    echo \"error: The sandbox is not in sync with the Podfile.lock. Run 'pod install' or update your CocoaPods installation.\" >&2\n    exit 1\nfi\n# This output is used by Xcode 'outputs' to avoid re-running this script phase.\necho \"SUCCESS\" > \"${SCRIPT_OUTPUT_FILE_0}\"\n";
			showEnvVarsInLog = 0;
		};
		8760A2C8D00EDAE996002B2F /* [CP] Embed Pods Frameworks */ = {
			isa = PBXShellScriptBuildPhase;
			buildActionMask = 2147483647;
			files = (
			);
			inputFileListPaths = (
			);
			inputPaths = (
				"${SRCROOT}/Pods/Target Support Files/Pods-Minesweeper/Pods-Minesweeper-frameworks.sh",
				"${BUILT_PRODUCTS_DIR}/GTMSessionFetcher/GTMSessionFetcher.framework",
				"${BUILT_PRODUCTS_DIR}/GoogleUtilities/GoogleUtilities.framework",
				"${BUILT_PRODUCTS_DIR}/leveldb-library/leveldb.framework",
				"${BUILT_PRODUCTS_DIR}/nanopb/nanopb.framework",
			);
			name = "[CP] Embed Pods Frameworks";
			outputFileListPaths = (
			);
			outputPaths = (
				"${TARGET_BUILD_DIR}/${FRAMEWORKS_FOLDER_PATH}/GTMSessionFetcher.framework",
				"${TARGET_BUILD_DIR}/${FRAMEWORKS_FOLDER_PATH}/GoogleUtilities.framework",
				"${TARGET_BUILD_DIR}/${FRAMEWORKS_FOLDER_PATH}/leveldb.framework",
				"${TARGET_BUILD_DIR}/${FRAMEWORKS_FOLDER_PATH}/nanopb.framework",
			);
			runOnlyForDeploymentPostprocessing = 0;
			shellPath = /bin/sh;
			shellScript = "\"${SRCROOT}/Pods/Target Support Files/Pods-Minesweeper/Pods-Minesweeper-frameworks.sh\"\n";
			showEnvVarsInLog = 0;
		};
		AEDCE1DB958D6E6ABA2BC142 /* [CP] Check Pods Manifest.lock */ = {
			isa = PBXShellScriptBuildPhase;
			buildActionMask = 2147483647;
			files = (
			);
			inputFileListPaths = (
			);
			inputPaths = (
				"${PODS_PODFILE_DIR_PATH}/Podfile.lock",
				"${PODS_ROOT}/Manifest.lock",
			);
			name = "[CP] Check Pods Manifest.lock";
			outputFileListPaths = (
			);
			outputPaths = (
				"$(DERIVED_FILE_DIR)/Pods-MinesweeperUITests-checkManifestLockResult.txt",
			);
			runOnlyForDeploymentPostprocessing = 0;
			shellPath = /bin/sh;
			shellScript = "diff \"${PODS_PODFILE_DIR_PATH}/Podfile.lock\" \"${PODS_ROOT}/Manifest.lock\" > /dev/null\nif [ $? != 0 ] ; then\n    # print error to STDERR\n    echo \"error: The sandbox is not in sync with the Podfile.lock. Run 'pod install' or update your CocoaPods installation.\" >&2\n    exit 1\nfi\n# This output is used by Xcode 'outputs' to avoid re-running this script phase.\necho \"SUCCESS\" > \"${SCRIPT_OUTPUT_FILE_0}\"\n";
			showEnvVarsInLog = 0;
		};
		DB13816EB95E4013ECA73381 /* [CP] Check Pods Manifest.lock */ = {
			isa = PBXShellScriptBuildPhase;
			buildActionMask = 2147483647;
			files = (
			);
			inputFileListPaths = (
			);
			inputPaths = (
				"${PODS_PODFILE_DIR_PATH}/Podfile.lock",
				"${PODS_ROOT}/Manifest.lock",
			);
			name = "[CP] Check Pods Manifest.lock";
			outputFileListPaths = (
			);
			outputPaths = (
				"$(DERIVED_FILE_DIR)/Pods-MinesweeperTests-checkManifestLockResult.txt",
			);
			runOnlyForDeploymentPostprocessing = 0;
			shellPath = /bin/sh;
			shellScript = "diff \"${PODS_PODFILE_DIR_PATH}/Podfile.lock\" \"${PODS_ROOT}/Manifest.lock\" > /dev/null\nif [ $? != 0 ] ; then\n    # print error to STDERR\n    echo \"error: The sandbox is not in sync with the Podfile.lock. Run 'pod install' or update your CocoaPods installation.\" >&2\n    exit 1\nfi\n# This output is used by Xcode 'outputs' to avoid re-running this script phase.\necho \"SUCCESS\" > \"${SCRIPT_OUTPUT_FILE_0}\"\n";
			showEnvVarsInLog = 0;
		};
/* End PBXShellScriptBuildPhase section */

/* Begin PBXSourcesBuildPhase section */
		43DEFC6A22494BC500489634 /* Sources */ = {
			isa = PBXSourcesBuildPhase;
			buildActionMask = 2147483647;
			files = (
				43F947542289F3FA0044F250 /* UIView+Extension.swift in Sources */,
				43DEFC7222494BC500489634 /* AppDelegate.swift in Sources */,
				433668942282E7670096838C /* CustomCell.swift in Sources */,
				43004FC4228311D0004DA48B /* Record.swift in Sources */,
				4313DFC9225D2EDF00137A91 /* DifficultyViewController.swift in Sources */,
				43004FC222830B71004DA48B /* ScoresViewController.swift in Sources */,
				43F947532289F3FA0044F250 /* Constants.swift in Sources */,
				433668952282E7670096838C /* GameViewController.swift in Sources */,
				43E4F0552252666E00E5BA8E /* GameDifficulty.swift in Sources */,
				43004FC02282FC4A004DA48B /* GameEndViewController.swift in Sources */,
				43A14304225D162E00CF8E58 /* DetailsViewController.swift in Sources */,
			);
			runOnlyForDeploymentPostprocessing = 0;
		};
		43DEFC7E22494BCB00489634 /* Sources */ = {
			isa = PBXSourcesBuildPhase;
			buildActionMask = 2147483647;
			files = (
				43DEFC8722494BCB00489634 /* MinesweeperTests.swift in Sources */,
			);
			runOnlyForDeploymentPostprocessing = 0;
		};
		43DEFC8922494BCB00489634 /* Sources */ = {
			isa = PBXSourcesBuildPhase;
			buildActionMask = 2147483647;
			files = (
				43DEFC9222494BCB00489634 /* MinesweeperUITests.swift in Sources */,
			);
			runOnlyForDeploymentPostprocessing = 0;
		};
/* End PBXSourcesBuildPhase section */

/* Begin PBXTargetDependency section */
		43DEFC8422494BCB00489634 /* PBXTargetDependency */ = {
			isa = PBXTargetDependency;
			target = 43DEFC6D22494BC500489634 /* Minesweeper */;
			targetProxy = 43DEFC8322494BCB00489634 /* PBXContainerItemProxy */;
		};
		43DEFC8F22494BCB00489634 /* PBXTargetDependency */ = {
			isa = PBXTargetDependency;
			target = 43DEFC6D22494BC500489634 /* Minesweeper */;
			targetProxy = 43DEFC8E22494BCB00489634 /* PBXContainerItemProxy */;
		};
/* End PBXTargetDependency section */

/* Begin PBXVariantGroup section */
		43DEFC7522494BC500489634 /* Main.storyboard */ = {
			isa = PBXVariantGroup;
			children = (
				43DEFC7622494BC500489634 /* Base */,
			);
			name = Main.storyboard;
			sourceTree = "<group>";
		};
		43DEFC7A22494BCB00489634 /* LaunchScreen.storyboard */ = {
			isa = PBXVariantGroup;
			children = (
				43DEFC7B22494BCB00489634 /* Base */,
			);
			name = LaunchScreen.storyboard;
			sourceTree = "<group>";
		};
/* End PBXVariantGroup section */

/* Begin XCBuildConfiguration section */
		43DEFC9422494BCB00489634 /* Debug */ = {
			isa = XCBuildConfiguration;
			buildSettings = {
				ALWAYS_SEARCH_USER_PATHS = NO;
				CLANG_ANALYZER_NONNULL = YES;
				CLANG_ANALYZER_NUMBER_OBJECT_CONVERSION = YES_AGGRESSIVE;
				CLANG_CXX_LANGUAGE_STANDARD = "gnu++14";
				CLANG_CXX_LIBRARY = "libc++";
				CLANG_ENABLE_MODULES = YES;
				CLANG_ENABLE_OBJC_ARC = YES;
				CLANG_ENABLE_OBJC_WEAK = YES;
				CLANG_WARN_BLOCK_CAPTURE_AUTORELEASING = YES;
				CLANG_WARN_BOOL_CONVERSION = YES;
				CLANG_WARN_COMMA = YES;
				CLANG_WARN_CONSTANT_CONVERSION = YES;
				CLANG_WARN_DEPRECATED_OBJC_IMPLEMENTATIONS = YES;
				CLANG_WARN_DIRECT_OBJC_ISA_USAGE = YES_ERROR;
				CLANG_WARN_DOCUMENTATION_COMMENTS = YES;
				CLANG_WARN_EMPTY_BODY = YES;
				CLANG_WARN_ENUM_CONVERSION = YES;
				CLANG_WARN_INFINITE_RECURSION = YES;
				CLANG_WARN_INT_CONVERSION = YES;
				CLANG_WARN_NON_LITERAL_NULL_CONVERSION = YES;
				CLANG_WARN_OBJC_IMPLICIT_RETAIN_SELF = YES;
				CLANG_WARN_OBJC_LITERAL_CONVERSION = YES;
				CLANG_WARN_OBJC_ROOT_CLASS = YES_ERROR;
				CLANG_WARN_RANGE_LOOP_ANALYSIS = YES;
				CLANG_WARN_STRICT_PROTOTYPES = YES;
				CLANG_WARN_SUSPICIOUS_MOVE = YES;
				CLANG_WARN_UNGUARDED_AVAILABILITY = YES_AGGRESSIVE;
				CLANG_WARN_UNREACHABLE_CODE = YES;
				CLANG_WARN__DUPLICATE_METHOD_MATCH = YES;
				CODE_SIGN_IDENTITY = "iPhone Developer";
				COPY_PHASE_STRIP = NO;
				DEBUG_INFORMATION_FORMAT = dwarf;
				ENABLE_STRICT_OBJC_MSGSEND = YES;
				ENABLE_TESTABILITY = YES;
				GCC_C_LANGUAGE_STANDARD = gnu11;
				GCC_DYNAMIC_NO_PIC = NO;
				GCC_NO_COMMON_BLOCKS = YES;
				GCC_OPTIMIZATION_LEVEL = 0;
				GCC_PREPROCESSOR_DEFINITIONS = (
					"DEBUG=1",
					"$(inherited)",
				);
				GCC_WARN_64_TO_32_BIT_CONVERSION = YES;
				GCC_WARN_ABOUT_RETURN_TYPE = YES_ERROR;
				GCC_WARN_UNDECLARED_SELECTOR = YES;
				GCC_WARN_UNINITIALIZED_AUTOS = YES_AGGRESSIVE;
				GCC_WARN_UNUSED_FUNCTION = YES;
				GCC_WARN_UNUSED_VARIABLE = YES;
				IPHONEOS_DEPLOYMENT_TARGET = 12.1;
				MTL_ENABLE_DEBUG_INFO = INCLUDE_SOURCE;
				MTL_FAST_MATH = YES;
				ONLY_ACTIVE_ARCH = YES;
				SDKROOT = iphoneos;
				SWIFT_ACTIVE_COMPILATION_CONDITIONS = DEBUG;
				SWIFT_OPTIMIZATION_LEVEL = "-Onone";
			};
			name = Debug;
		};
		43DEFC9522494BCB00489634 /* Release */ = {
			isa = XCBuildConfiguration;
			buildSettings = {
				ALWAYS_SEARCH_USER_PATHS = NO;
				CLANG_ANALYZER_NONNULL = YES;
				CLANG_ANALYZER_NUMBER_OBJECT_CONVERSION = YES_AGGRESSIVE;
				CLANG_CXX_LANGUAGE_STANDARD = "gnu++14";
				CLANG_CXX_LIBRARY = "libc++";
				CLANG_ENABLE_MODULES = YES;
				CLANG_ENABLE_OBJC_ARC = YES;
				CLANG_ENABLE_OBJC_WEAK = YES;
				CLANG_WARN_BLOCK_CAPTURE_AUTORELEASING = YES;
				CLANG_WARN_BOOL_CONVERSION = YES;
				CLANG_WARN_COMMA = YES;
				CLANG_WARN_CONSTANT_CONVERSION = YES;
				CLANG_WARN_DEPRECATED_OBJC_IMPLEMENTATIONS = YES;
				CLANG_WARN_DIRECT_OBJC_ISA_USAGE = YES_ERROR;
				CLANG_WARN_DOCUMENTATION_COMMENTS = YES;
				CLANG_WARN_EMPTY_BODY = YES;
				CLANG_WARN_ENUM_CONVERSION = YES;
				CLANG_WARN_INFINITE_RECURSION = YES;
				CLANG_WARN_INT_CONVERSION = YES;
				CLANG_WARN_NON_LITERAL_NULL_CONVERSION = YES;
				CLANG_WARN_OBJC_IMPLICIT_RETAIN_SELF = YES;
				CLANG_WARN_OBJC_LITERAL_CONVERSION = YES;
				CLANG_WARN_OBJC_ROOT_CLASS = YES_ERROR;
				CLANG_WARN_RANGE_LOOP_ANALYSIS = YES;
				CLANG_WARN_STRICT_PROTOTYPES = YES;
				CLANG_WARN_SUSPICIOUS_MOVE = YES;
				CLANG_WARN_UNGUARDED_AVAILABILITY = YES_AGGRESSIVE;
				CLANG_WARN_UNREACHABLE_CODE = YES;
				CLANG_WARN__DUPLICATE_METHOD_MATCH = YES;
				CODE_SIGN_IDENTITY = "iPhone Developer";
				COPY_PHASE_STRIP = NO;
				DEBUG_INFORMATION_FORMAT = "dwarf-with-dsym";
				ENABLE_NS_ASSERTIONS = NO;
				ENABLE_STRICT_OBJC_MSGSEND = YES;
				GCC_C_LANGUAGE_STANDARD = gnu11;
				GCC_NO_COMMON_BLOCKS = YES;
				GCC_WARN_64_TO_32_BIT_CONVERSION = YES;
				GCC_WARN_ABOUT_RETURN_TYPE = YES_ERROR;
				GCC_WARN_UNDECLARED_SELECTOR = YES;
				GCC_WARN_UNINITIALIZED_AUTOS = YES_AGGRESSIVE;
				GCC_WARN_UNUSED_FUNCTION = YES;
				GCC_WARN_UNUSED_VARIABLE = YES;
				IPHONEOS_DEPLOYMENT_TARGET = 12.1;
				MTL_ENABLE_DEBUG_INFO = NO;
				MTL_FAST_MATH = YES;
				SDKROOT = iphoneos;
				SWIFT_COMPILATION_MODE = wholemodule;
				SWIFT_OPTIMIZATION_LEVEL = "-O";
				VALIDATE_PRODUCT = YES;
			};
			name = Release;
		};
		43DEFC9722494BCB00489634 /* Debug */ = {
			isa = XCBuildConfiguration;
			baseConfigurationReference = 8717CB5BF9D14BD3C458CD5A /* Pods-Minesweeper.debug.xcconfig */;
			buildSettings = {
				ASSETCATALOG_COMPILER_APPICON_NAME = AppIcon;
				CLANG_ENABLE_MODULES = YES;
				CODE_SIGN_STYLE = Automatic;
				INFOPLIST_FILE = Minesweeper/Info.plist;
				LD_RUNPATH_SEARCH_PATHS = (
					"$(inherited)",
					"@executable_path/Frameworks",
				);
				PRODUCT_BUNDLE_IDENTIFIER = "SE-Ltd..Minesweeper";
				PRODUCT_NAME = "$(TARGET_NAME)";
				SWIFT_OPTIMIZATION_LEVEL = "-Onone";
				SWIFT_VERSION = 4.2;
				TARGETED_DEVICE_FAMILY = "1,2";
			};
			name = Debug;
		};
		43DEFC9822494BCB00489634 /* Release */ = {
			isa = XCBuildConfiguration;
			baseConfigurationReference = 03CCA1FB42FF84D54994E3AC /* Pods-Minesweeper.release.xcconfig */;
			buildSettings = {
				ASSETCATALOG_COMPILER_APPICON_NAME = AppIcon;
				CLANG_ENABLE_MODULES = YES;
				CODE_SIGN_STYLE = Automatic;
				INFOPLIST_FILE = Minesweeper/Info.plist;
				LD_RUNPATH_SEARCH_PATHS = (
					"$(inherited)",
					"@executable_path/Frameworks",
				);
				PRODUCT_BUNDLE_IDENTIFIER = "SE-Ltd..Minesweeper";
				PRODUCT_NAME = "$(TARGET_NAME)";
				SWIFT_VERSION = 4.2;
				TARGETED_DEVICE_FAMILY = "1,2";
			};
			name = Release;
		};
		43DEFC9A22494BCB00489634 /* Debug */ = {
			isa = XCBuildConfiguration;
			baseConfigurationReference = 5590486BEE7406E565AA3AA5 /* Pods-MinesweeperTests.debug.xcconfig */;
			buildSettings = {
				ALWAYS_EMBED_SWIFT_STANDARD_LIBRARIES = YES;
				BUNDLE_LOADER = "$(TEST_HOST)";
				CODE_SIGN_STYLE = Automatic;
				INFOPLIST_FILE = MinesweeperTests/Info.plist;
				LD_RUNPATH_SEARCH_PATHS = (
					"$(inherited)",
					"@executable_path/Frameworks",
					"@loader_path/Frameworks",
				);
				PRODUCT_BUNDLE_IDENTIFIER = "SE-Ltd..MinesweeperTests";
				PRODUCT_NAME = "$(TARGET_NAME)";
				SWIFT_VERSION = 4.2;
				TARGETED_DEVICE_FAMILY = "1,2";
				TEST_HOST = "$(BUILT_PRODUCTS_DIR)/Minesweeper.app/Minesweeper";
			};
			name = Debug;
		};
		43DEFC9B22494BCB00489634 /* Release */ = {
			isa = XCBuildConfiguration;
			baseConfigurationReference = 9C6C702465290114B1D8B455 /* Pods-MinesweeperTests.release.xcconfig */;
			buildSettings = {
				ALWAYS_EMBED_SWIFT_STANDARD_LIBRARIES = YES;
				BUNDLE_LOADER = "$(TEST_HOST)";
				CODE_SIGN_STYLE = Automatic;
				INFOPLIST_FILE = MinesweeperTests/Info.plist;
				LD_RUNPATH_SEARCH_PATHS = (
					"$(inherited)",
					"@executable_path/Frameworks",
					"@loader_path/Frameworks",
				);
				PRODUCT_BUNDLE_IDENTIFIER = "SE-Ltd..MinesweeperTests";
				PRODUCT_NAME = "$(TARGET_NAME)";
				SWIFT_VERSION = 4.2;
				TARGETED_DEVICE_FAMILY = "1,2";
				TEST_HOST = "$(BUILT_PRODUCTS_DIR)/Minesweeper.app/Minesweeper";
			};
			name = Release;
		};
		43DEFC9D22494BCB00489634 /* Debug */ = {
			isa = XCBuildConfiguration;
			baseConfigurationReference = E8FBDB583078C98A9D911494 /* Pods-MinesweeperUITests.debug.xcconfig */;
			buildSettings = {
				ALWAYS_EMBED_SWIFT_STANDARD_LIBRARIES = YES;
				CODE_SIGN_STYLE = Automatic;
				INFOPLIST_FILE = MinesweeperUITests/Info.plist;
				LD_RUNPATH_SEARCH_PATHS = (
					"$(inherited)",
					"@executable_path/Frameworks",
					"@loader_path/Frameworks",
				);
				PRODUCT_BUNDLE_IDENTIFIER = "SE-Ltd..MinesweeperUITests";
				PRODUCT_NAME = "$(TARGET_NAME)";
				SWIFT_VERSION = 4.2;
				TARGETED_DEVICE_FAMILY = "1,2";
				TEST_TARGET_NAME = Minesweeper;
			};
			name = Debug;
		};
		43DEFC9E22494BCB00489634 /* Release */ = {
			isa = XCBuildConfiguration;
			baseConfigurationReference = 0162D6C4C62EE021EABED300 /* Pods-MinesweeperUITests.release.xcconfig */;
			buildSettings = {
				ALWAYS_EMBED_SWIFT_STANDARD_LIBRARIES = YES;
				CODE_SIGN_STYLE = Automatic;
				INFOPLIST_FILE = MinesweeperUITests/Info.plist;
				LD_RUNPATH_SEARCH_PATHS = (
					"$(inherited)",
					"@executable_path/Frameworks",
					"@loader_path/Frameworks",
				);
				PRODUCT_BUNDLE_IDENTIFIER = "SE-Ltd..MinesweeperUITests";
				PRODUCT_NAME = "$(TARGET_NAME)";
				SWIFT_VERSION = 4.2;
				TARGETED_DEVICE_FAMILY = "1,2";
				TEST_TARGET_NAME = Minesweeper;
			};
			name = Release;
		};
/* End XCBuildConfiguration section */

/* Begin XCConfigurationList section */
		43DEFC6922494BC500489634 /* Build configuration list for PBXProject "Minesweeper" */ = {
			isa = XCConfigurationList;
			buildConfigurations = (
				43DEFC9422494BCB00489634 /* Debug */,
				43DEFC9522494BCB00489634 /* Release */,
			);
			defaultConfigurationIsVisible = 0;
			defaultConfigurationName = Release;
		};
		43DEFC9622494BCB00489634 /* Build configuration list for PBXNativeTarget "Minesweeper" */ = {
			isa = XCConfigurationList;
			buildConfigurations = (
				43DEFC9722494BCB00489634 /* Debug */,
				43DEFC9822494BCB00489634 /* Release */,
			);
			defaultConfigurationIsVisible = 0;
			defaultConfigurationName = Release;
		};
		43DEFC9922494BCB00489634 /* Build configuration list for PBXNativeTarget "MinesweeperTests" */ = {
			isa = XCConfigurationList;
			buildConfigurations = (
				43DEFC9A22494BCB00489634 /* Debug */,
				43DEFC9B22494BCB00489634 /* Release */,
			);
			defaultConfigurationIsVisible = 0;
			defaultConfigurationName = Release;
		};
		43DEFC9C22494BCB00489634 /* Build configuration list for PBXNativeTarget "MinesweeperUITests" */ = {
			isa = XCConfigurationList;
			buildConfigurations = (
				43DEFC9D22494BCB00489634 /* Debug */,
				43DEFC9E22494BCB00489634 /* Release */,
			);
			defaultConfigurationIsVisible = 0;
			defaultConfigurationName = Release;
		};
/* End XCConfigurationList section */
	};
	rootObject = 43DEFC6622494BC500489634 /* Project object */;
}
